
Microsoft Visual Studio Solution File, Format Version 12.00
# Visual Studio 15
VisualStudioVersion = 15.0.27004.2010
MinimumVisualStudioVersion = 10.0.40219.1
Project("{FAE04EC0-301F-11D3-BF4B-00C04F79EFBC}") = "Bank", "Bank\Bank.csproj", "{448322BC-D830-4AAA-8E42-846477266A23}"
EndProject
Project("{FAE04EC0-301F-11D3-BF4B-00C04F79EFBC}") = "BankTests", "BankTests\BankTests.csproj", "{CF9456F3-CE85-4B93-B585-D99538B3F757}"
EndProject
Global
	GlobalSection(SolutionConfigurationPlatforms) = preSolution
		Debug|Any CPU = Debug|Any CPU
		Release|Any CPU = Release|Any CPU
	EndGlobalSection
	GlobalSection(ProjectConfigurationPlatforms) = postSolution
		{448322BC-D830-4AAA-8E42-846477266A23}.Debug|Any CPU.ActiveCfg = Debug|Any CPU
		{448322BC-D830-4AAA-8E42-846477266A23}.Debug|Any CPU.Build.0 = Debug|Any CPU
		{448322BC-D830-4AAA-8E42-846477266A23}.Release|Any CPU.ActiveCfg = Release|Any CPU
		{448322BC-D830-4AAA-8E42-846477266A23}.Release|Any CPU.Build.0 = Release|Any CPU
		{CF9456F3-CE85-4B93-B585-D99538B3F757}.Debug|Any CPU.ActiveCfg = Debug|Any CPU
		{CF9456F3-CE85-4B93-B585-D99538B3F757}.Debug|Any CPU.Build.0 = Debug|Any CPU
		{CF9456F3-CE85-4B93-B585-D99538B3F757}.Release|Any CPU.ActiveCfg = Release|Any CPU
		{CF9456F3-CE85-4B93-B585-D99538B3F757}.Release|Any CPU.Build.0 = Release|Any CPU
	EndGlobalSection
	GlobalSection(SolutionProperties) = preSolution
		HideSolutionNode = FALSE
	EndGlobalSection
	GlobalSection(ExtensibilityGlobals) = postSolution
		SolutionGuid = {53AF9AF9-DE2E-4BB2-AE27-F08C4FA62DAE}
	EndGlobalSection
EndGlobal
